
Microsoft Visual Studio Solution File, Format Version 12.00
# Visual Studio 14
VisualStudioVersion = 14.0.25420.1
MinimumVisualStudioVersion = 10.0.40219.1
Project("{8BC9CEB8-8B4A-11D0-8D11-00A0C91BC942}") = "Test", "Net_Test\Net_Test.vcxproj", "{DB8CE4E6-3875-41A0-B821-E6D009D792D6}"
EndProject
Project("{8BC9CEB8-8B4A-11D0-8D11-00A0C91BC942}") = "NetBase3", "NetBase3\NetBase3.vcxproj", "{A51A0948-A811-4351-B564-B3C2CD035D7D}"
EndProject
Project("{8BC9CEB8-8B4A-11D0-8D11-00A0C91BC942}") = "Test2", "Net_Test2\Test2.vcxproj", "{907732AC-F22C-4467-A4B1-96710B002121}"
EndProject
Global
	GlobalSection(SolutionConfigurationPlatforms) = preSolution
		Debug|x64 = Debug|x64
		Debug|x86 = Debug|x86
		Release|x64 = Release|x64
		Release|x86 = Release|x86
	EndGlobalSection
	GlobalSection(ProjectConfigurationPlatforms) = postSolution
		{DB8CE4E6-3875-41A0-B821-E6D009D792D6}.Debug|x64.ActiveCfg = Debug|x64
		{DB8CE4E6-3875-41A0-B821-E6D009D792D6}.Debug|x64.Build.0 = Debug|x64
		{DB8CE4E6-3875-41A0-B821-E6D009D792D6}.Debug|x86.ActiveCfg = Debug|Win32
		{DB8CE4E6-3875-41A0-B821-E6D009D792D6}.Debug|x86.Build.0 = Debug|Win32
		{DB8CE4E6-3875-41A0-B821-E6D009D792D6}.Release|x64.ActiveCfg = Release|x64
		{DB8CE4E6-3875-41A0-B821-E6D009D792D6}.Release|x64.Build.0 = Release|x64
		{DB8CE4E6-3875-41A0-B821-E6D009D792D6}.Release|x86.ActiveCfg = Release|Win32
		{DB8CE4E6-3875-41A0-B821-E6D009D792D6}.Release|x86.Build.0 = Release|Win32
		{A51A0948-A811-4351-B564-B3C2CD035D7D}.Debug|x64.ActiveCfg = Debug|x64
		{A51A0948-A811-4351-B564-B3C2CD035D7D}.Debug|x64.Build.0 = Debug|x64
		{A51A0948-A811-4351-B564-B3C2CD035D7D}.Debug|x86.ActiveCfg = Debug|Win32
		{A51A0948-A811-4351-B564-B3C2CD035D7D}.Debug|x86.Build.0 = Debug|Win32
		{A51A0948-A811-4351-B564-B3C2CD035D7D}.Release|x64.ActiveCfg = Release|x64
		{A51A0948-A811-4351-B564-B3C2CD035D7D}.Release|x64.Build.0 = Release|x64
		{A51A0948-A811-4351-B564-B3C2CD035D7D}.Release|x86.ActiveCfg = Release|Win32
		{A51A0948-A811-4351-B564-B3C2CD035D7D}.Release|x86.Build.0 = Release|Win32
		{907732AC-F22C-4467-A4B1-96710B002121}.Debug|x64.ActiveCfg = Debug|x64
		{907732AC-F22C-4467-A4B1-96710B002121}.Debug|x64.Build.0 = Debug|x64
		{907732AC-F22C-4467-A4B1-96710B002121}.Debug|x86.ActiveCfg = Debug|Win32
		{907732AC-F22C-4467-A4B1-96710B002121}.Debug|x86.Build.0 = Debug|Win32
		{907732AC-F22C-4467-A4B1-96710B002121}.Release|x64.ActiveCfg = Release|x64
		{907732AC-F22C-4467-A4B1-96710B002121}.Release|x64.Build.0 = Release|x64
		{907732AC-F22C-4467-A4B1-96710B002121}.Release|x86.ActiveCfg = Release|Win32
		{907732AC-F22C-4467-A4B1-96710B002121}.Release|x86.Build.0 = Release|Win32
	EndGlobalSection
	GlobalSection(SolutionProperties) = preSolution
		HideSolutionNode = FALSE
	EndGlobalSection
EndGlobal
