
Microsoft Visual Studio Solution File, Format Version 12.00
# Visual Studio 14
VisualStudioVersion = 14.0.25420.1
MinimumVisualStudioVersion = 10.0.40219.1
Project("{8BC9CEB8-8B4A-11D0-8D11-00A0C91BC942}") = "NetBase", "NetBase\NetBase.vcxproj", "{E4BC7BE6-2371-4E2A-AF18-4B935F9A5767}"
EndProject
Project("{8BC9CEB8-8B4A-11D0-8D11-00A0C91BC942}") = "Test", "Net_Test\Net_Test.vcxproj", "{DB8CE4E6-3875-41A0-B821-E6D009D792D6}"
EndProject
Global
	GlobalSection(SolutionConfigurationPlatforms) = preSolution
		Debug|x64 = Debug|x64
		Debug|x86 = Debug|x86
		Release|x64 = Release|x64
		Release|x86 = Release|x86
	EndGlobalSection
	GlobalSection(ProjectConfigurationPlatforms) = postSolution
		{E4BC7BE6-2371-4E2A-AF18-4B935F9A5767}.Debug|x64.ActiveCfg = Debug|x64
		{E4BC7BE6-2371-4E2A-AF18-4B935F9A5767}.Debug|x64.Build.0 = Debug|x64
		{E4BC7BE6-2371-4E2A-AF18-4B935F9A5767}.Debug|x86.ActiveCfg = Debug|Win32
		{E4BC7BE6-2371-4E2A-AF18-4B935F9A5767}.Debug|x86.Build.0 = Debug|Win32
		{E4BC7BE6-2371-4E2A-AF18-4B935F9A5767}.Release|x64.ActiveCfg = Release|x64
		{E4BC7BE6-2371-4E2A-AF18-4B935F9A5767}.Release|x64.Build.0 = Release|x64
		{E4BC7BE6-2371-4E2A-AF18-4B935F9A5767}.Release|x86.ActiveCfg = Release|Win32
		{E4BC7BE6-2371-4E2A-AF18-4B935F9A5767}.Release|x86.Build.0 = Release|Win32
		{DB8CE4E6-3875-41A0-B821-E6D009D792D6}.Debug|x64.ActiveCfg = Debug|x64
		{DB8CE4E6-3875-41A0-B821-E6D009D792D6}.Debug|x64.Build.0 = Debug|x64
		{DB8CE4E6-3875-41A0-B821-E6D009D792D6}.Debug|x86.ActiveCfg = Debug|Win32
		{DB8CE4E6-3875-41A0-B821-E6D009D792D6}.Debug|x86.Build.0 = Debug|Win32
		{DB8CE4E6-3875-41A0-B821-E6D009D792D6}.Release|x64.ActiveCfg = Release|x64
		{DB8CE4E6-3875-41A0-B821-E6D009D792D6}.Release|x64.Build.0 = Release|x64
		{DB8CE4E6-3875-41A0-B821-E6D009D792D6}.Release|x86.ActiveCfg = Release|Win32
		{DB8CE4E6-3875-41A0-B821-E6D009D792D6}.Release|x86.Build.0 = Release|Win32
	EndGlobalSection
	GlobalSection(SolutionProperties) = preSolution
		HideSolutionNode = FALSE
	EndGlobalSection
EndGlobal
